
Microsoft Visual Studio Solution File, Format Version 12.00
# Visual Studio Version 17
VisualStudioVersion = 17.5.33516.290
MinimumVisualStudioVersion = 10.0.40219.1
Project("{FAE04EC0-301F-11D3-BF4B-00C04F79EFBC}") = "CFE Material Calculator", "CFE Material Calculator\CFE Material Calculator.csproj", "{656E68A1-A385-41FB-A2B3-958A1F771BD3}"
EndProject
Project("{FAE04EC0-301F-11D3-BF4B-00C04F79EFBC}") = "Domain", "Domain\Domain.csproj", "{06DC097A-7DA8-45BA-9788-944F16A6AE8D}"
EndProject
Project("{FAE04EC0-301F-11D3-BF4B-00C04F79EFBC}") = "Persistence", "Persistence\Persistence.csproj", "{D55946BF-B5C9-42D7-A8F0-031A69C2728B}"
EndProject
Project("{FAE04EC0-301F-11D3-BF4B-00C04F79EFBC}") = "Services", "Services\Services.csproj", "{1AF86FA0-A5F3-44EB-AD85-9E6654B506B2}"
EndProject
Global
	GlobalSection(SolutionConfigurationPlatforms) = preSolution
		Debug|Any CPU = Debug|Any CPU
		Release|Any CPU = Release|Any CPU
	EndGlobalSection
	GlobalSection(ProjectConfigurationPlatforms) = postSolution
		{656E68A1-A385-41FB-A2B3-958A1F771BD3}.Debug|Any CPU.ActiveCfg = Debug|Any CPU
		{656E68A1-A385-41FB-A2B3-958A1F771BD3}.Debug|Any CPU.Build.0 = Debug|Any CPU
		{656E68A1-A385-41FB-A2B3-958A1F771BD3}.Release|Any CPU.ActiveCfg = Release|Any CPU
		{656E68A1-A385-41FB-A2B3-958A1F771BD3}.Release|Any CPU.Build.0 = Release|Any CPU
		{06DC097A-7DA8-45BA-9788-944F16A6AE8D}.Debug|Any CPU.ActiveCfg = Debug|Any CPU
		{06DC097A-7DA8-45BA-9788-944F16A6AE8D}.Debug|Any CPU.Build.0 = Debug|Any CPU
		{06DC097A-7DA8-45BA-9788-944F16A6AE8D}.Release|Any CPU.ActiveCfg = Release|Any CPU
		{06DC097A-7DA8-45BA-9788-944F16A6AE8D}.Release|Any CPU.Build.0 = Release|Any CPU
		{D55946BF-B5C9-42D7-A8F0-031A69C2728B}.Debug|Any CPU.ActiveCfg = Debug|Any CPU
		{D55946BF-B5C9-42D7-A8F0-031A69C2728B}.Debug|Any CPU.Build.0 = Debug|Any CPU
		{D55946BF-B5C9-42D7-A8F0-031A69C2728B}.Release|Any CPU.ActiveCfg = Release|Any CPU
		{D55946BF-B5C9-42D7-A8F0-031A69C2728B}.Release|Any CPU.Build.0 = Release|Any CPU
		{1AF86FA0-A5F3-44EB-AD85-9E6654B506B2}.Debug|Any CPU.ActiveCfg = Debug|Any CPU
		{1AF86FA0-A5F3-44EB-AD85-9E6654B506B2}.Debug|Any CPU.Build.0 = Debug|Any CPU
		{1AF86FA0-A5F3-44EB-AD85-9E6654B506B2}.Release|Any CPU.ActiveCfg = Release|Any CPU
		{1AF86FA0-A5F3-44EB-AD85-9E6654B506B2}.Release|Any CPU.Build.0 = Release|Any CPU
	EndGlobalSection
	GlobalSection(SolutionProperties) = preSolution
		HideSolutionNode = FALSE
	EndGlobalSection
	GlobalSection(ExtensibilityGlobals) = postSolution
		SolutionGuid = {65B54CB0-306E-4F6A-8F96-F221731542E6}
	EndGlobalSection
EndGlobal
